// !$*UTF8*$!
{
	archiveVersion = 1;
	classes = {
	};
	objectVersion = 50;
	objects = {

/* Begin PBXBuildFile section */
		31B8170920CC1DD0005E33A1 /* AppDelegate.swift in Sources */ = {isa = PBXBuildFile; fileRef = 31B8170820CC1DD0005E33A1 /* AppDelegate.swift */; };
		31B8170B20CC1DD0005E33A1 /* ViewController.swift in Sources */ = {isa = PBXBuildFile; fileRef = 31B8170A20CC1DD0005E33A1 /* ViewController.swift */; };
		31B8170E20CC1DD0005E33A1 /* Main.storyboard in Resources */ = {isa = PBXBuildFile; fileRef = 31B8170C20CC1DD0005E33A1 /* Main.storyboard */; };
		31B8171120CC1DD0005E33A1 /* Code_Snippets.xcdatamodeld in Sources */ = {isa = PBXBuildFile; fileRef = 31B8170F20CC1DD0005E33A1 /* Code_Snippets.xcdatamodeld */; };
		31B8171320CC1DD4005E33A1 /* Assets.xcassets in Resources */ = {isa = PBXBuildFile; fileRef = 31B8171220CC1DD4005E33A1 /* Assets.xcassets */; };
		31B8171620CC1DD4005E33A1 /* LaunchScreen.storyboard in Resources */ = {isa = PBXBuildFile; fileRef = 31B8171420CC1DD4005E33A1 /* LaunchScreen.storyboard */; };
		31B8171E20CC28DB005E33A1 /* CoreDataSnippets.swift in Sources */ = {isa = PBXBuildFile; fileRef = 31B8171D20CC28DB005E33A1 /* CoreDataSnippets.swift */; };
/* End PBXBuildFile section */

/* Begin PBXFileReference section */
		31B8170520CC1DD0005E33A1 /* Code Snippets.app */ = {isa = PBXFileReference; explicitFileType = wrapper.application; includeInIndex = 0; path = "Code Snippets.app"; sourceTree = BUILT_PRODUCTS_DIR; };
		31B8170820CC1DD0005E33A1 /* AppDelegate.swift */ = {isa = PBXFileReference; lastKnownFileType = sourcecode.swift; path = AppDelegate.swift; sourceTree = "<group>"; };
		31B8170A20CC1DD0005E33A1 /* ViewController.swift */ = {isa = PBXFileReference; lastKnownFileType = sourcecode.swift; path = ViewController.swift; sourceTree = "<group>"; };
		31B8170D20CC1DD0005E33A1 /* Base */ = {isa = PBXFileReference; lastKnownFileType = file.storyboard; name = Base; path = Base.lproj/Main.storyboard; sourceTree = "<group>"; };
		31B8171020CC1DD0005E33A1 /* Code_Snippets.xcdatamodel */ = {isa = PBXFileReference; lastKnownFileType = wrapper.xcdatamodel; path = Code_Snippets.xcdatamodel; sourceTree = "<group>"; };
		31B8171220CC1DD4005E33A1 /* Assets.xcassets */ = {isa = PBXFileReference; lastKnownFileType = folder.assetcatalog; path = Assets.xcassets; sourceTree = "<group>"; };
		31B8171520CC1DD4005E33A1 /* Base */ = {isa = PBXFileReference; lastKnownFileType = file.storyboard; name = Base; path = Base.lproj/LaunchScreen.storyboard; sourceTree = "<group>"; };
		31B8171720CC1DD4005E33A1 /* Info.plist */ = {isa = PBXFileReference; lastKnownFileType = text.plist.xml; path = Info.plist; sourceTree = "<group>"; };
		31B8171D20CC28DB005E33A1 /* CoreDataSnippets.swift */ = {isa = PBXFileReference; lastKnownFileType = sourcecode.swift; path = CoreDataSnippets.swift; sourceTree = "<group>"; };
/* End PBXFileReference section */

/* Begin PBXFrameworksBuildPhase section */
		31B8170220CC1DD0005E33A1 /* Frameworks */ = {
			isa = PBXFrameworksBuildPhase;
			buildActionMask = 2147483647;
			files = (
			);
			runOnlyForDeploymentPostprocessing = 0;
		};
/* End PBXFrameworksBuildPhase section */

/* Begin PBXGroup section */
		31B816FC20CC1DD0005E33A1 = {
			isa = PBXGroup;
			children = (
				31B8170720CC1DD0005E33A1 /* Code Snippets */,
				31B8170620CC1DD0005E33A1 /* Products */,
			);
			sourceTree = "<group>";
		};
		31B8170620CC1DD0005E33A1 /* Products */ = {
			isa = PBXGroup;
			children = (
				31B8170520CC1DD0005E33A1 /* Code Snippets.app */,
			);
			name = Products;
			sourceTree = "<group>";
		};
		31B8170720CC1DD0005E33A1 /* Code Snippets */ = {
			isa = PBXGroup;
			children = (
				31B8170820CC1DD0005E33A1 /* AppDelegate.swift */,
				31B8170A20CC1DD0005E33A1 /* ViewController.swift */,
				31B8171D20CC28DB005E33A1 /* CoreDataSnippets.swift */,
				31B8170C20CC1DD0005E33A1 /* Main.storyboard */,
				31B8171220CC1DD4005E33A1 /* Assets.xcassets */,
				31B8171420CC1DD4005E33A1 /* LaunchScreen.storyboard */,
				31B8171720CC1DD4005E33A1 /* Info.plist */,
				31B8170F20CC1DD0005E33A1 /* Code_Snippets.xcdatamodeld */,
			);
			path = "Code Snippets";
			sourceTree = "<group>";
		};
/* End PBXGroup section */

/* Begin PBXNativeTarget section */
		31B8170420CC1DD0005E33A1 /* Code Snippets */ = {
			isa = PBXNativeTarget;
			buildConfigurationList = 31B8171A20CC1DD4005E33A1 /* Build configuration list for PBXNativeTarget "Code Snippets" */;
			buildPhases = (
				31B8170120CC1DD0005E33A1 /* Sources */,
				31B8170220CC1DD0005E33A1 /* Frameworks */,
				31B8170320CC1DD0005E33A1 /* Resources */,
			);
			buildRules = (
			);
			dependencies = (
			);
			name = "Code Snippets";
			productName = "Code Snippets";
			productReference = 31B8170520CC1DD0005E33A1 /* Code Snippets.app */;
			productType = "com.apple.product-type.application";
		};
/* End PBXNativeTarget section */

/* Begin PBXProject section */
		31B816FD20CC1DD0005E33A1 /* Project object */ = {
			isa = PBXProject;
			attributes = {
				LastSwiftUpdateCheck = 0940;
				LastUpgradeCheck = 0940;
				ORGANIZATIONNAME = "Ryan Sady";
				TargetAttributes = {
					31B8170420CC1DD0005E33A1 = {
						CreatedOnToolsVersion = 9.4;
					};
				};
			};
			buildConfigurationList = 31B8170020CC1DD0005E33A1 /* Build configuration list for PBXProject "Code Snippets" */;
			compatibilityVersion = "Xcode 9.3";
			developmentRegion = en;
			hasScannedForEncodings = 0;
			knownRegions = (
				en,
				Base,
			);
			mainGroup = 31B816FC20CC1DD0005E33A1;
			productRefGroup = 31B8170620CC1DD0005E33A1 /* Products */;
			projectDirPath = "";
			projectRoot = "";
			targets = (
				31B8170420CC1DD0005E33A1 /* Code Snippets */,
			);
		};
/* End PBXProject section */

/* Begin PBXResourcesBuildPhase section */
		31B8170320CC1DD0005E33A1 /* Resources */ = {
			isa = PBXResourcesBuildPhase;
			buildActionMask = 2147483647;
			files = (
				31B8171620CC1DD4005E33A1 /* LaunchScreen.storyboard in Resources */,
				31B8171320CC1DD4005E33A1 /* Assets.xcassets in Resources */,
				31B8170E20CC1DD0005E33A1 /* Main.storyboard in Resources */,
			);
			runOnlyForDeploymentPostprocessing = 0;
		};
/* End PBXResourcesBuildPhase section */

/* Begin PBXSourcesBuildPhase section */
		31B8170120CC1DD0005E33A1 /* Sources */ = {
			isa = PBXSourcesBuildPhase;
			buildActionMask = 2147483647;
			files = (
				31B8170B20CC1DD0005E33A1 /* ViewController.swift in Sources */,
				31B8171120CC1DD0005E33A1 /* Code_Snippets.xcdatamodeld in Sources */,
				31B8171E20CC28DB005E33A1 /* CoreDataSnippets.swift in Sources */,
				31B8170920CC1DD0005E33A1 /* AppDelegate.swift in Sources */,
			);
			runOnlyForDeploymentPostprocessing = 0;
		};
/* End PBXSourcesBuildPhase section */

/* Begin PBXVariantGroup section */
		31B8170C20CC1DD0005E33A1 /* Main.storyboard */ = {
			isa = PBXVariantGroup;
			children = (
				31B8170D20CC1DD0005E33A1 /* Base */,
			);
			name = Main.storyboard;
			sourceTree = "<group>";
		};
		31B8171420CC1DD4005E33A1 /* LaunchScreen.storyboard */ = {
			isa = PBXVariantGroup;
			children = (
				31B8171520CC1DD4005E33A1 /* Base */,
			);
			name = LaunchScreen.storyboard;
			sourceTree = "<group>";
		};
/* End PBXVariantGroup section */

/* Begin XCBuildConfiguration section */
		31B8171820CC1DD4005E33A1 /* Debug */ = {
			isa = XCBuildConfiguration;
			buildSettings = {
				ALWAYS_SEARCH_USER_PATHS = NO;
				CLANG_ANALYZER_NONNULL = YES;
				CLANG_ANALYZER_NUMBER_OBJECT_CONVERSION = YES_AGGRESSIVE;
				CLANG_CXX_LANGUAGE_STANDARD = "gnu++14";
				CLANG_CXX_LIBRARY = "libc++";
				CLANG_ENABLE_MODULES = YES;
				CLANG_ENABLE_OBJC_ARC = YES;
				CLANG_ENABLE_OBJC_WEAK = YES;
				CLANG_WARN_BLOCK_CAPTURE_AUTORELEASING = YES;
				CLANG_WARN_BOOL_CONVERSION = YES;
				CLANG_WARN_COMMA = YES;
				CLANG_WARN_CONSTANT_CONVERSION = YES;
				CLANG_WARN_DEPRECATED_OBJC_IMPLEMENTATIONS = YES;
				CLANG_WARN_DIRECT_OBJC_ISA_USAGE = YES_ERROR;
				CLANG_WARN_DOCUMENTATION_COMMENTS = YES;
				CLANG_WARN_EMPTY_BODY = YES;
				CLANG_WARN_ENUM_CONVERSION = YES;
				CLANG_WARN_INFINITE_RECURSION = YES;
				CLANG_WARN_INT_CONVERSION = YES;
				CLANG_WARN_NON_LITERAL_NULL_CONVERSION = YES;
				CLANG_WARN_OBJC_IMPLICIT_RETAIN_SELF = YES;
				CLANG_WARN_OBJC_LITERAL_CONVERSION = YES;
				CLANG_WARN_OBJC_ROOT_CLASS = YES_ERROR;
				CLANG_WARN_RANGE_LOOP_ANALYSIS = YES;
				CLANG_WARN_STRICT_PROTOTYPES = YES;
				CLANG_WARN_SUSPICIOUS_MOVE = YES;
				CLANG_WARN_UNGUARDED_AVAILABILITY = YES_AGGRESSIVE;
				CLANG_WARN_UNREACHABLE_CODE = YES;
				CLANG_WARN__DUPLICATE_METHOD_MATCH = YES;
				CODE_SIGN_IDENTITY = "iPhone Developer";
				COPY_PHASE_STRIP = NO;
				DEBUG_INFORMATION_FORMAT = dwarf;
				ENABLE_STRICT_OBJC_MSGSEND = YES;
				ENABLE_TESTABILITY = YES;
				GCC_C_LANGUAGE_STANDARD = gnu11;
				GCC_DYNAMIC_NO_PIC = NO;
				GCC_NO_COMMON_BLOCKS = YES;
				GCC_OPTIMIZATION_LEVEL = 0;
				GCC_PREPROCESSOR_DEFINITIONS = (
					"DEBUG=1",
					"$(inherited)",
				);
				GCC_WARN_64_TO_32_BIT_CONVERSION = YES;
				GCC_WARN_ABOUT_RETURN_TYPE = YES_ERROR;
				GCC_WARN_UNDECLARED_SELECTOR = YES;
				GCC_WARN_UNINITIALIZED_AUTOS = YES_AGGRESSIVE;
				GCC_WARN_UNUSED_FUNCTION = YES;
				GCC_WARN_UNUSED_VARIABLE = YES;
				IPHONEOS_DEPLOYMENT_TARGET = 11.4;
				MTL_ENABLE_DEBUG_INFO = YES;
				ONLY_ACTIVE_ARCH = YES;
				SDKROOT = iphoneos;
				SWIFT_ACTIVE_COMPILATION_CONDITIONS = DEBUG;
				SWIFT_OPTIMIZATION_LEVEL = "-Onone";
			};
			name = Debug;
		};
		31B8171920CC1DD4005E33A1 /* Release */ = {
			isa = XCBuildConfiguration;
			buildSettings = {
				ALWAYS_SEARCH_USER_PATHS = NO;
				CLANG_ANALYZER_NONNULL = YES;
				CLANG_ANALYZER_NUMBER_OBJECT_CONVERSION = YES_AGGRESSIVE;
				CLANG_CXX_LANGUAGE_STANDARD = "gnu++14";
				CLANG_CXX_LIBRARY = "libc++";
				CLANG_ENABLE_MODULES = YES;
				CLANG_ENABLE_OBJC_ARC = YES;
				CLANG_ENABLE_OBJC_WEAK = YES;
				CLANG_WARN_BLOCK_CAPTURE_AUTORELEASING = YES;
				CLANG_WARN_BOOL_CONVERSION = YES;
				CLANG_WARN_COMMA = YES;
				CLANG_WARN_CONSTANT_CONVERSION = YES;
				CLANG_WARN_DEPRECATED_OBJC_IMPLEMENTATIONS = YES;
				CLANG_WARN_DIRECT_OBJC_ISA_USAGE = YES_ERROR;
				CLANG_WARN_DOCUMENTATION_COMMENTS = YES;
				CLANG_WARN_EMPTY_BODY = YES;
				CLANG_WARN_ENUM_CONVERSION = YES;
				CLANG_WARN_INFINITE_RECURSION = YES;
				CLANG_WARN_INT_CONVERSION = YES;
				CLANG_WARN_NON_LITERAL_NULL_CONVERSION = YES;
				CLANG_WARN_OBJC_IMPLICIT_RETAIN_SELF = YES;
				CLANG_WARN_OBJC_LITERAL_CONVERSION = YES;
				CLANG_WARN_OBJC_ROOT_CLASS = YES_ERROR;
				CLANG_WARN_RANGE_LOOP_ANALYSIS = YES;
				CLANG_WARN_STRICT_PROTOTYPES = YES;
				CLANG_WARN_SUSPICIOUS_MOVE = YES;
				CLANG_WARN_UNGUARDED_AVAILABILITY = YES_AGGRESSIVE;
				CLANG_WARN_UNREACHABLE_CODE = YES;
				CLANG_WARN__DUPLICATE_METHOD_MATCH = YES;
				CODE_SIGN_IDENTITY = "iPhone Developer";
				COPY_PHASE_STRIP = NO;
				DEBUG_INFORMATION_FORMAT = "dwarf-with-dsym";
				ENABLE_NS_ASSERTIONS = NO;
				ENABLE_STRICT_OBJC_MSGSEND = YES;
				GCC_C_LANGUAGE_STANDARD = gnu11;
				GCC_NO_COMMON_BLOCKS = YES;
				GCC_WARN_64_TO_32_BIT_CONVERSION = YES;
				GCC_WARN_ABOUT_RETURN_TYPE = YES_ERROR;
				GCC_WARN_UNDECLARED_SELECTOR = YES;
				GCC_WARN_UNINITIALIZED_AUTOS = YES_AGGRESSIVE;
				GCC_WARN_UNUSED_FUNCTION = YES;
				GCC_WARN_UNUSED_VARIABLE = YES;
				IPHONEOS_DEPLOYMENT_TARGET = 11.4;
				MTL_ENABLE_DEBUG_INFO = NO;
				SDKROOT = iphoneos;
				SWIFT_COMPILATION_MODE = wholemodule;
				SWIFT_OPTIMIZATION_LEVEL = "-O";
				VALIDATE_PRODUCT = YES;
			};
			name = Release;
		};
		31B8171B20CC1DD4005E33A1 /* Debug */ = {
			isa = XCBuildConfiguration;
			buildSettings = {
				ASSETCATALOG_COMPILER_APPICON_NAME = AppIcon;
				CODE_SIGN_STYLE = Automatic;
				DEVELOPMENT_TEAM = 754ADC4875;
				INFOPLIST_FILE = "Code Snippets/Info.plist";
				LD_RUNPATH_SEARCH_PATHS = (
					"$(inherited)",
					"@executable_path/Frameworks",
				);
				PRODUCT_BUNDLE_IDENTIFIER = "com.szadydesigns.Code-Snippets";
				PRODUCT_NAME = "$(TARGET_NAME)";
				SWIFT_VERSION = 4.0;
				TARGETED_DEVICE_FAMILY = "1,2";
			};
			name = Debug;
		};
		31B8171C20CC1DD4005E33A1 /* Release */ = {
			isa = XCBuildConfiguration;
			buildSettings = {
				ASSETCATALOG_COMPILER_APPICON_NAME = AppIcon;
				CODE_SIGN_STYLE = Automatic;
				DEVELOPMENT_TEAM = 754ADC4875;
				INFOPLIST_FILE = "Code Snippets/Info.plist";
				LD_RUNPATH_SEARCH_PATHS = (
					"$(inherited)",
					"@executable_path/Frameworks",
				);
				PRODUCT_BUNDLE_IDENTIFIER = "com.szadydesigns.Code-Snippets";
				PRODUCT_NAME = "$(TARGET_NAME)";
				SWIFT_VERSION = 4.0;
				TARGETED_DEVICE_FAMILY = "1,2";
			};
			name = Release;
		};
/* End XCBuildConfiguration section */

/* Begin XCConfigurationList section */
		31B8170020CC1DD0005E33A1 /* Build configuration list for PBXProject "Code Snippets" */ = {
			isa = XCConfigurationList;
			buildConfigurations = (
				31B8171820CC1DD4005E33A1 /* Debug */,
				31B8171920CC1DD4005E33A1 /* Release */,
			);
			defaultConfigurationIsVisible = 0;
			defaultConfigurationName = Release;
		};
		31B8171A20CC1DD4005E33A1 /* Build configuration list for PBXNativeTarget "Code Snippets" */ = {
			isa = XCConfigurationList;
			buildConfigurations = (
				31B8171B20CC1DD4005E33A1 /* Debug */,
				31B8171C20CC1DD4005E33A1 /* Release */,
			);
			defaultConfigurationIsVisible = 0;
			defaultConfigurationName = Release;
		};
/* End XCConfigurationList section */

/* Begin XCVersionGroup section */
		31B8170F20CC1DD0005E33A1 /* Code_Snippets.xcdatamodeld */ = {
			isa = XCVersionGroup;
			children = (
				31B8171020CC1DD0005E33A1 /* Code_Snippets.xcdatamodel */,
			);
			currentVersion = 31B8171020CC1DD0005E33A1 /* Code_Snippets.xcdatamodel */;
			path = Code_Snippets.xcdatamodeld;
			sourceTree = "<group>";
			versionGroupType = wrapper.xcdatamodel;
		};
/* End XCVersionGroup section */
	};
	rootObject = 31B816FD20CC1DD0005E33A1 /* Project object */;
}
